
Microsoft Visual Studio Solution File, Format Version 12.00
# Visual Studio Version 17
VisualStudioVersion = 17.14.36603.0 d17.14
MinimumVisualStudioVersion = 10.0.40219.1
Project("{FAE04EC0-301F-11D3-BF4B-00C04F79EFBC}") = "SimSim-Console", "SimSim-Console\SimSim-Console.csproj", "{2B9FB570-8AFC-4B2B-9A65-F6B61C8C060F}"
EndProject
Global
	GlobalSection(SolutionConfigurationPlatforms) = preSolution
		Debug|Any CPU = Debug|Any CPU
		Release|Any CPU = Release|Any CPU
	EndGlobalSection
	GlobalSection(ProjectConfigurationPlatforms) = postSolution
		{2B9FB570-8AFC-4B2B-9A65-F6B61C8C060F}.Debug|Any CPU.ActiveCfg = Debug|Any CPU
		{2B9FB570-8AFC-4B2B-9A65-F6B61C8C060F}.Debug|Any CPU.Build.0 = Debug|Any CPU
		{2B9FB570-8AFC-4B2B-9A65-F6B61C8C060F}.Release|Any CPU.ActiveCfg = Release|Any CPU
		{2B9FB570-8AFC-4B2B-9A65-F6B61C8C060F}.Release|Any CPU.Build.0 = Release|Any CPU
	EndGlobalSection
	GlobalSection(SolutionProperties) = preSolution
		HideSolutionNode = FALSE
	EndGlobalSection
	GlobalSection(ExtensibilityGlobals) = postSolution
		SolutionGuid = {3BCBBB4C-6269-42A5-B2CC-188C241F7B2E}
	EndGlobalSection
EndGlobal
