
Microsoft Visual Studio Solution File, Format Version 12.00
# Visual Studio Version 17
VisualStudioVersion = 17.14.36623.8 d17.14
MinimumVisualStudioVersion = 10.0.40219.1
Project("{FAE04EC0-301F-11D3-BF4B-00C04F79EFBC}") = "Sentral", "Adgangskontroll\Sentral.csproj", "{84E68A2C-3623-432B-B23E-5A0BADA059E1}"
EndProject
Project("{FAE04EC0-301F-11D3-BF4B-00C04F79EFBC}") = "Kortleser", "Kortleser\Kortleser.csproj", "{EF9E9430-0744-44F7-8EFE-743C680AFC0E}"
EndProject
Global
	GlobalSection(SolutionConfigurationPlatforms) = preSolution
		Debug|Any CPU = Debug|Any CPU
		Release|Any CPU = Release|Any CPU
	EndGlobalSection
	GlobalSection(ProjectConfigurationPlatforms) = postSolution
		{84E68A2C-3623-432B-B23E-5A0BADA059E1}.Debug|Any CPU.ActiveCfg = Debug|Any CPU
		{84E68A2C-3623-432B-B23E-5A0BADA059E1}.Debug|Any CPU.Build.0 = Debug|Any CPU
		{84E68A2C-3623-432B-B23E-5A0BADA059E1}.Release|Any CPU.ActiveCfg = Release|Any CPU
		{84E68A2C-3623-432B-B23E-5A0BADA059E1}.Release|Any CPU.Build.0 = Release|Any CPU
		{EF9E9430-0744-44F7-8EFE-743C680AFC0E}.Debug|Any CPU.ActiveCfg = Debug|Any CPU
		{EF9E9430-0744-44F7-8EFE-743C680AFC0E}.Debug|Any CPU.Build.0 = Debug|Any CPU
		{EF9E9430-0744-44F7-8EFE-743C680AFC0E}.Release|Any CPU.ActiveCfg = Release|Any CPU
		{EF9E9430-0744-44F7-8EFE-743C680AFC0E}.Release|Any CPU.Build.0 = Release|Any CPU
	EndGlobalSection
	GlobalSection(SolutionProperties) = preSolution
		HideSolutionNode = FALSE
	EndGlobalSection
	GlobalSection(ExtensibilityGlobals) = postSolution
		SolutionGuid = {D248DD38-FC69-4447-BFC5-30FAD1B50D8D}
	EndGlobalSection
EndGlobal
